
Microsoft Visual Studio Solution File, Format Version 12.00
# Visual Studio Version 16
VisualStudioVersion = 16.0.31702.278
MinimumVisualStudioVersion = 10.0.40219.1
Project("{9A19103F-16F7-4668-BE54-9A1E7A4F7556}") = "Votes", "ProjectHackaton\Votes.csproj", "{7D01AA06-9CA4-48AD-AC44-30B915579143}"
EndProject
Global
	GlobalSection(SolutionConfigurationPlatforms) = preSolution
		Debug|Any CPU = Debug|Any CPU
		Release|Any CPU = Release|Any CPU
	EndGlobalSection
	GlobalSection(ProjectConfigurationPlatforms) = postSolution
		{7D01AA06-9CA4-48AD-AC44-30B915579143}.Debug|Any CPU.ActiveCfg = Debug|Any CPU
		{7D01AA06-9CA4-48AD-AC44-30B915579143}.Debug|Any CPU.Build.0 = Debug|Any CPU
		{7D01AA06-9CA4-48AD-AC44-30B915579143}.Release|Any CPU.ActiveCfg = Release|Any CPU
		{7D01AA06-9CA4-48AD-AC44-30B915579143}.Release|Any CPU.Build.0 = Release|Any CPU
	EndGlobalSection
	GlobalSection(SolutionProperties) = preSolution
		HideSolutionNode = FALSE
	EndGlobalSection
	GlobalSection(ExtensibilityGlobals) = postSolution
		SolutionGuid = {4A289441-6B23-4D55-8D9C-CA5B9AC9AD1D}
	EndGlobalSection
EndGlobal
